
Microsoft Visual Studio Solution File, Format Version 12.00
# Visual Studio 15
VisualStudioVersion = 15.0.28307.168
MinimumVisualStudioVersion = 10.0.40219.1
Project("{2150E333-8FDC-42A3-9474-1A3956D46DE8}") = "LINQ", "LINQ", "{25BF5F07-B890-408E-AD2A-5C1ECAA37AF0}"
EndProject
Project("{FAE04EC0-301F-11D3-BF4B-00C04F79EFBC}") = "MyLinqImplementation", "MyLinqImplementation\MyLinqImplementation.csproj", "{B4B195FD-FFEE-4582-BAA9-16F97A814899}"
EndProject
Project("{FAE04EC0-301F-11D3-BF4B-00C04F79EFBC}") = "MyLinqTests", "MyLinqTests\MyLinqTests.csproj", "{AB9EFE90-F7DB-4B7A-9767-EEFF217C4957}"
EndProject
Global
	GlobalSection(SolutionConfigurationPlatforms) = preSolution
		Debug|Any CPU = Debug|Any CPU
		Release|Any CPU = Release|Any CPU
	EndGlobalSection
	GlobalSection(ProjectConfigurationPlatforms) = postSolution
		{B4B195FD-FFEE-4582-BAA9-16F97A814899}.Debug|Any CPU.ActiveCfg = Debug|Any CPU
		{B4B195FD-FFEE-4582-BAA9-16F97A814899}.Debug|Any CPU.Build.0 = Debug|Any CPU
		{B4B195FD-FFEE-4582-BAA9-16F97A814899}.Release|Any CPU.ActiveCfg = Release|Any CPU
		{B4B195FD-FFEE-4582-BAA9-16F97A814899}.Release|Any CPU.Build.0 = Release|Any CPU
		{AB9EFE90-F7DB-4B7A-9767-EEFF217C4957}.Debug|Any CPU.ActiveCfg = Debug|Any CPU
		{AB9EFE90-F7DB-4B7A-9767-EEFF217C4957}.Debug|Any CPU.Build.0 = Debug|Any CPU
		{AB9EFE90-F7DB-4B7A-9767-EEFF217C4957}.Release|Any CPU.ActiveCfg = Release|Any CPU
		{AB9EFE90-F7DB-4B7A-9767-EEFF217C4957}.Release|Any CPU.Build.0 = Release|Any CPU
	EndGlobalSection
	GlobalSection(SolutionProperties) = preSolution
		HideSolutionNode = FALSE
	EndGlobalSection
	GlobalSection(NestedProjects) = preSolution
		{B4B195FD-FFEE-4582-BAA9-16F97A814899} = {25BF5F07-B890-408E-AD2A-5C1ECAA37AF0}
		{AB9EFE90-F7DB-4B7A-9767-EEFF217C4957} = {25BF5F07-B890-408E-AD2A-5C1ECAA37AF0}
	EndGlobalSection
	GlobalSection(ExtensibilityGlobals) = postSolution
		SolutionGuid = {1F9E96ED-A483-4C29-BEA9-87751DB06811}
	EndGlobalSection
EndGlobal
